
Microsoft Visual Studio Solution File, Format Version 12.00
# Visual Studio Version 17
VisualStudioVersion = 17.5.33530.505
MinimumVisualStudioVersion = 10.0.40219.1
Project("{FAE04EC0-301F-11D3-BF4B-00C04F79EFBC}") = "ControlWork", "ControlWork\ControlWork.csproj", "{B1D01B7F-34DD-48DF-B17D-C49FBC39FE05}"
EndProject
Global
	GlobalSection(SolutionConfigurationPlatforms) = preSolution
		Debug|Any CPU = Debug|Any CPU
		Release|Any CPU = Release|Any CPU
	EndGlobalSection
	GlobalSection(ProjectConfigurationPlatforms) = postSolution
		{B1D01B7F-34DD-48DF-B17D-C49FBC39FE05}.Debug|Any CPU.ActiveCfg = Debug|Any CPU
		{B1D01B7F-34DD-48DF-B17D-C49FBC39FE05}.Debug|Any CPU.Build.0 = Debug|Any CPU
		{B1D01B7F-34DD-48DF-B17D-C49FBC39FE05}.Release|Any CPU.ActiveCfg = Release|Any CPU
		{B1D01B7F-34DD-48DF-B17D-C49FBC39FE05}.Release|Any CPU.Build.0 = Release|Any CPU
	EndGlobalSection
	GlobalSection(SolutionProperties) = preSolution
		HideSolutionNode = FALSE
	EndGlobalSection
	GlobalSection(ExtensibilityGlobals) = postSolution
		SolutionGuid = {14E28EB1-F0BB-4416-99A3-F42EBFC66A7F}
	EndGlobalSection
EndGlobal
